
Microsoft Visual Studio Solution File, Format Version 12.00
# Visual Studio Version 17
VisualStudioVersion = 17.14.37012.4 d17.14
MinimumVisualStudioVersion = 10.0.40219.1
Project("{FAE04EC0-301F-11D3-BF4B-00C04F79EFBC}") = "MiniETBIS", "MiniETBIS\MiniETBIS.csproj", "{122AE7F9-C352-46EA-9512-EF6DE52D8C70}"
EndProject
Global
	GlobalSection(SolutionConfigurationPlatforms) = preSolution
		Debug|Any CPU = Debug|Any CPU
		Release|Any CPU = Release|Any CPU
	EndGlobalSection
	GlobalSection(ProjectConfigurationPlatforms) = postSolution
		{122AE7F9-C352-46EA-9512-EF6DE52D8C70}.Debug|Any CPU.ActiveCfg = Debug|Any CPU
		{122AE7F9-C352-46EA-9512-EF6DE52D8C70}.Debug|Any CPU.Build.0 = Debug|Any CPU
		{122AE7F9-C352-46EA-9512-EF6DE52D8C70}.Release|Any CPU.ActiveCfg = Release|Any CPU
		{122AE7F9-C352-46EA-9512-EF6DE52D8C70}.Release|Any CPU.Build.0 = Release|Any CPU
	EndGlobalSection
	GlobalSection(SolutionProperties) = preSolution
		HideSolutionNode = FALSE
	EndGlobalSection
	GlobalSection(ExtensibilityGlobals) = postSolution
		SolutionGuid = {F1D47543-DD77-45AA-8615-E916BEEF1C60}
	EndGlobalSection
EndGlobal
